// !$*UTF8*$!
{
	archiveVersion = 1;
	classes = {
	};
	objectVersion = 46;
	objects = {

/* Begin PBXBuildFile section */
		75AB9C2919CCB85B00CDCE76 /* Foundation.framework in Frameworks */ = {isa = PBXBuildFile; fileRef = 75AB9C2819CCB85B00CDCE76 /* Foundation.framework */; };
		75AB9C2B19CCB85B00CDCE76 /* CoreGraphics.framework in Frameworks */ = {isa = PBXBuildFile; fileRef = 75AB9C2A19CCB85B00CDCE76 /* CoreGraphics.framework */; };
		75AB9C2D19CCB85B00CDCE76 /* UIKit.framework in Frameworks */ = {isa = PBXBuildFile; fileRef = 75AB9C2C19CCB85B00CDCE76 /* UIKit.framework */; };
		75AB9C3319CCB85B00CDCE76 /* InfoPlist.strings in Resources */ = {isa = PBXBuildFile; fileRef = 75AB9C3119CCB85B00CDCE76 /* InfoPlist.strings */; };
		75AB9C3519CCB85B00CDCE76 /* main.m in Sources */ = {isa = PBXBuildFile; fileRef = 75AB9C3419CCB85B00CDCE76 /* main.m */; };
		75AB9C3919CCB85B00CDCE76 /* CTAppDelegate.m in Sources */ = {isa = PBXBuildFile; fileRef = 75AB9C3819CCB85B00CDCE76 /* CTAppDelegate.m */; };
		75AB9C3C19CCB85B00CDCE76 /* Main.storyboard in Resources */ = {isa = PBXBuildFile; fileRef = 75AB9C3A19CCB85B00CDCE76 /* Main.storyboard */; };
		75AB9C3F19CCB85B00CDCE76 /* CTViewController.m in Sources */ = {isa = PBXBuildFile; fileRef = 75AB9C3E19CCB85B00CDCE76 /* CTViewController.m */; };
		75AB9C4119CCB85B00CDCE76 /* Images.xcassets in Resources */ = {isa = PBXBuildFile; fileRef = 75AB9C4019CCB85B00CDCE76 /* Images.xcassets */; };
		75AB9C4819CCB85B00CDCE76 /* XCTest.framework in Frameworks */ = {isa = PBXBuildFile; fileRef = 75AB9C4719CCB85B00CDCE76 /* XCTest.framework */; };
		75AB9C4919CCB85B00CDCE76 /* Foundation.framework in Frameworks */ = {isa = PBXBuildFile; fileRef = 75AB9C2819CCB85B00CDCE76 /* Foundation.framework */; };
		75AB9C4A19CCB85B00CDCE76 /* UIKit.framework in Frameworks */ = {isa = PBXBuildFile; fileRef = 75AB9C2C19CCB85B00CDCE76 /* UIKit.framework */; };
		75AB9C5219CCB85B00CDCE76 /* InfoPlist.strings in Resources */ = {isa = PBXBuildFile; fileRef = 75AB9C5019CCB85B00CDCE76 /* InfoPlist.strings */; };
		75AB9C5419CCB85B00CDCE76 /* FaiyamRahmanHW2Tests.m in Sources */ = {isa = PBXBuildFile; fileRef = 75AB9C5319CCB85B00CDCE76 /* FaiyamRahmanHW2Tests.m */; };
		75AB9C5F19CCBFF300CDCE76 /* CTToBuyToDoTableViewController.m in Sources */ = {isa = PBXBuildFile; fileRef = 75AB9C5E19CCBFF300CDCE76 /* CTToBuyToDoTableViewController.m */; };
/* End PBXBuildFile section */

/* Begin PBXContainerItemProxy section */
		75AB9C4B19CCB85B00CDCE76 /* PBXContainerItemProxy */ = {
			isa = PBXContainerItemProxy;
			containerPortal = 75AB9C1D19CCB85B00CDCE76 /* Project object */;
			proxyType = 1;
			remoteGlobalIDString = 75AB9C2419CCB85B00CDCE76;
			remoteInfo = FaiyamRahmanHW2;
		};
/* End PBXContainerItemProxy section */

/* Begin PBXFileReference section */
		75AB9C2519CCB85B00CDCE76 /* FaiyamRahmanHW2.app */ = {isa = PBXFileReference; explicitFileType = wrapper.application; includeInIndex = 0; path = FaiyamRahmanHW2.app; sourceTree = BUILT_PRODUCTS_DIR; };
		75AB9C2819CCB85B00CDCE76 /* Foundation.framework */ = {isa = PBXFileReference; lastKnownFileType = wrapper.framework; name = Foundation.framework; path = System/Library/Frameworks/Foundation.framework; sourceTree = SDKROOT; };
		75AB9C2A19CCB85B00CDCE76 /* CoreGraphics.framework */ = {isa = PBXFileReference; lastKnownFileType = wrapper.framework; name = CoreGraphics.framework; path = System/Library/Frameworks/CoreGraphics.framework; sourceTree = SDKROOT; };
		75AB9C2C19CCB85B00CDCE76 /* UIKit.framework */ = {isa = PBXFileReference; lastKnownFileType = wrapper.framework; name = UIKit.framework; path = System/Library/Frameworks/UIKit.framework; sourceTree = SDKROOT; };
		75AB9C3019CCB85B00CDCE76 /* FaiyamRahmanHW2-Info.plist */ = {isa = PBXFileReference; lastKnownFileType = text.plist.xml; path = "FaiyamRahmanHW2-Info.plist"; sourceTree = "<group>"; };
		75AB9C3219CCB85B00CDCE76 /* en */ = {isa = PBXFileReference; lastKnownFileType = text.plist.strings; name = en; path = en.lproj/InfoPlist.strings; sourceTree = "<group>"; };
		75AB9C3419CCB85B00CDCE76 /* main.m */ = {isa = PBXFileReference; lastKnownFileType = sourcecode.c.objc; path = main.m; sourceTree = "<group>"; };
		75AB9C3619CCB85B00CDCE76 /* FaiyamRahmanHW2-Prefix.pch */ = {isa = PBXFileReference; lastKnownFileType = sourcecode.c.h; path = "FaiyamRahmanHW2-Prefix.pch"; sourceTree = "<group>"; };
		75AB9C3719CCB85B00CDCE76 /* CTAppDelegate.h */ = {isa = PBXFileReference; lastKnownFileType = sourcecode.c.h; path = CTAppDelegate.h; sourceTree = "<group>"; };
		75AB9C3819CCB85B00CDCE76 /* CTAppDelegate.m */ = {isa = PBXFileReference; lastKnownFileType = sourcecode.c.objc; path = CTAppDelegate.m; sourceTree = "<group>"; };
		75AB9C3B19CCB85B00CDCE76 /* Base */ = {isa = PBXFileReference; lastKnownFileType = file.storyboard; name = Base; path = Base.lproj/Main.storyboard; sourceTree = "<group>"; };
		75AB9C3D19CCB85B00CDCE76 /* CTViewController.h */ = {isa = PBXFileReference; lastKnownFileType = sourcecode.c.h; path = CTViewController.h; sourceTree = "<group>"; };
		75AB9C3E19CCB85B00CDCE76 /* CTViewController.m */ = {isa = PBXFileReference; lastKnownFileType = sourcecode.c.objc; path = CTViewController.m; sourceTree = "<group>"; };
		75AB9C4019CCB85B00CDCE76 /* Images.xcassets */ = {isa = PBXFileReference; lastKnownFileType = folder.assetcatalog; path = Images.xcassets; sourceTree = "<group>"; };
		75AB9C4619CCB85B00CDCE76 /* FaiyamRahmanHW2Tests.xctest */ = {isa = PBXFileReference; explicitFileType = wrapper.cfbundle; includeInIndex = 0; path = FaiyamRahmanHW2Tests.xctest; sourceTree = BUILT_PRODUCTS_DIR; };
		75AB9C4719CCB85B00CDCE76 /* XCTest.framework */ = {isa = PBXFileReference; lastKnownFileType = wrapper.framework; name = XCTest.framework; path = Library/Frameworks/XCTest.framework; sourceTree = DEVELOPER_DIR; };
		75AB9C4F19CCB85B00CDCE76 /* FaiyamRahmanHW2Tests-Info.plist */ = {isa = PBXFileReference; lastKnownFileType = text.plist.xml; path = "FaiyamRahmanHW2Tests-Info.plist"; sourceTree = "<group>"; };
		75AB9C5119CCB85B00CDCE76 /* en */ = {isa = PBXFileReference; lastKnownFileType = text.plist.strings; name = en; path = en.lproj/InfoPlist.strings; sourceTree = "<group>"; };
		75AB9C5319CCB85B00CDCE76 /* FaiyamRahmanHW2Tests.m */ = {isa = PBXFileReference; lastKnownFileType = sourcecode.c.objc; path = FaiyamRahmanHW2Tests.m; sourceTree = "<group>"; };
		75AB9C5D19CCBFF300CDCE76 /* CTToBuyToDoTableViewController.h */ = {isa = PBXFileReference; fileEncoding = 4; lastKnownFileType = sourcecode.c.h; path = CTToBuyToDoTableViewController.h; sourceTree = "<group>"; };
		75AB9C5E19CCBFF300CDCE76 /* CTToBuyToDoTableViewController.m */ = {isa = PBXFileReference; fileEncoding = 4; lastKnownFileType = sourcecode.c.objc; path = CTToBuyToDoTableViewController.m; sourceTree = "<group>"; };
/* End PBXFileReference section */

/* Begin PBXFrameworksBuildPhase section */
		75AB9C2219CCB85B00CDCE76 /* Frameworks */ = {
			isa = PBXFrameworksBuildPhase;
			buildActionMask = 2147483647;
			files = (
				75AB9C2B19CCB85B00CDCE76 /* CoreGraphics.framework in Frameworks */,
				75AB9C2D19CCB85B00CDCE76 /* UIKit.framework in Frameworks */,
				75AB9C2919CCB85B00CDCE76 /* Foundation.framework in Frameworks */,
			);
			runOnlyForDeploymentPostprocessing = 0;
		};
		75AB9C4319CCB85B00CDCE76 /* Frameworks */ = {
			isa = PBXFrameworksBuildPhase;
			buildActionMask = 2147483647;
			files = (
				75AB9C4819CCB85B00CDCE76 /* XCTest.framework in Frameworks */,
				75AB9C4A19CCB85B00CDCE76 /* UIKit.framework in Frameworks */,
				75AB9C4919CCB85B00CDCE76 /* Foundation.framework in Frameworks */,
			);
			runOnlyForDeploymentPostprocessing = 0;
		};
/* End PBXFrameworksBuildPhase section */

/* Begin PBXGroup section */
		75AB9C1C19CCB85B00CDCE76 = {
			isa = PBXGroup;
			children = (
				75AB9C2E19CCB85B00CDCE76 /* FaiyamRahmanHW2 */,
				75AB9C4D19CCB85B00CDCE76 /* FaiyamRahmanHW2Tests */,
				75AB9C2719CCB85B00CDCE76 /* Frameworks */,
				75AB9C2619CCB85B00CDCE76 /* Products */,
			);
			sourceTree = "<group>";
		};
		75AB9C2619CCB85B00CDCE76 /* Products */ = {
			isa = PBXGroup;
			children = (
				75AB9C2519CCB85B00CDCE76 /* FaiyamRahmanHW2.app */,
				75AB9C4619CCB85B00CDCE76 /* FaiyamRahmanHW2Tests.xctest */,
			);
			name = Products;
			sourceTree = "<group>";
		};
		75AB9C2719CCB85B00CDCE76 /* Frameworks */ = {
			isa = PBXGroup;
			children = (
				75AB9C2819CCB85B00CDCE76 /* Foundation.framework */,
				75AB9C2A19CCB85B00CDCE76 /* CoreGraphics.framework */,
				75AB9C2C19CCB85B00CDCE76 /* UIKit.framework */,
				75AB9C4719CCB85B00CDCE76 /* XCTest.framework */,
			);
			name = Frameworks;
			sourceTree = "<group>";
		};
		75AB9C2E19CCB85B00CDCE76 /* FaiyamRahmanHW2 */ = {
			isa = PBXGroup;
			children = (
				75AB9C3719CCB85B00CDCE76 /* CTAppDelegate.h */,
				75AB9C3819CCB85B00CDCE76 /* CTAppDelegate.m */,
				75AB9C3A19CCB85B00CDCE76 /* Main.storyboard */,
				75AB9C3D19CCB85B00CDCE76 /* CTViewController.h */,
				75AB9C3E19CCB85B00CDCE76 /* CTViewController.m */,
				75AB9C5D19CCBFF300CDCE76 /* CTToBuyToDoTableViewController.h */,
				75AB9C5E19CCBFF300CDCE76 /* CTToBuyToDoTableViewController.m */,
				75AB9C4019CCB85B00CDCE76 /* Images.xcassets */,
				75AB9C2F19CCB85B00CDCE76 /* Supporting Files */,
			);
			path = FaiyamRahmanHW2;
			sourceTree = "<group>";
		};
		75AB9C2F19CCB85B00CDCE76 /* Supporting Files */ = {
			isa = PBXGroup;
			children = (
				75AB9C3019CCB85B00CDCE76 /* FaiyamRahmanHW2-Info.plist */,
				75AB9C3119CCB85B00CDCE76 /* InfoPlist.strings */,
				75AB9C3419CCB85B00CDCE76 /* main.m */,
				75AB9C3619CCB85B00CDCE76 /* FaiyamRahmanHW2-Prefix.pch */,
			);
			name = "Supporting Files";
			sourceTree = "<group>";
		};
		75AB9C4D19CCB85B00CDCE76 /* FaiyamRahmanHW2Tests */ = {
			isa = PBXGroup;
			children = (
				75AB9C5319CCB85B00CDCE76 /* FaiyamRahmanHW2Tests.m */,
				75AB9C4E19CCB85B00CDCE76 /* Supporting Files */,
			);
			path = FaiyamRahmanHW2Tests;
			sourceTree = "<group>";
		};
		75AB9C4E19CCB85B00CDCE76 /* Supporting Files */ = {
			isa = PBXGroup;
			children = (
				75AB9C4F19CCB85B00CDCE76 /* FaiyamRahmanHW2Tests-Info.plist */,
				75AB9C5019CCB85B00CDCE76 /* InfoPlist.strings */,
			);
			name = "Supporting Files";
			sourceTree = "<group>";
		};
/* End PBXGroup section */

/* Begin PBXNativeTarget section */
		75AB9C2419CCB85B00CDCE76 /* FaiyamRahmanHW2 */ = {
			isa = PBXNativeTarget;
			buildConfigurationList = 75AB9C5719CCB85B00CDCE76 /* Build configuration list for PBXNativeTarget "FaiyamRahmanHW2" */;
			buildPhases = (
				75AB9C2119CCB85B00CDCE76 /* Sources */,
				75AB9C2219CCB85B00CDCE76 /* Frameworks */,
				75AB9C2319CCB85B00CDCE76 /* Resources */,
			);
			buildRules = (
			);
			dependencies = (
			);
			name = FaiyamRahmanHW2;
			productName = FaiyamRahmanHW2;
			productReference = 75AB9C2519CCB85B00CDCE76 /* FaiyamRahmanHW2.app */;
			productType = "com.apple.product-type.application";
		};
		75AB9C4519CCB85B00CDCE76 /* FaiyamRahmanHW2Tests */ = {
			isa = PBXNativeTarget;
			buildConfigurationList = 75AB9C5A19CCB85B00CDCE76 /* Build configuration list for PBXNativeTarget "FaiyamRahmanHW2Tests" */;
			buildPhases = (
				75AB9C4219CCB85B00CDCE76 /* Sources */,
				75AB9C4319CCB85B00CDCE76 /* Frameworks */,
				75AB9C4419CCB85B00CDCE76 /* Resources */,
			);
			buildRules = (
			);
			dependencies = (
				75AB9C4C19CCB85B00CDCE76 /* PBXTargetDependency */,
			);
			name = FaiyamRahmanHW2Tests;
			productName = FaiyamRahmanHW2Tests;
			productReference = 75AB9C4619CCB85B00CDCE76 /* FaiyamRahmanHW2Tests.xctest */;
			productType = "com.apple.product-type.bundle.unit-test";
		};
/* End PBXNativeTarget section */

/* Begin PBXProject section */
		75AB9C1D19CCB85B00CDCE76 /* Project object */ = {
			isa = PBXProject;
			attributes = {
				CLASSPREFIX = CT;
				LastUpgradeCheck = 0510;
				ORGANIZATIONNAME = FaiyamLearningiOS;
				TargetAttributes = {
					75AB9C4519CCB85B00CDCE76 = {
						TestTargetID = 75AB9C2419CCB85B00CDCE76;
					};
				};
			};
			buildConfigurationList = 75AB9C2019CCB85B00CDCE76 /* Build configuration list for PBXProject "FaiyamRahmanHW2" */;
			compatibilityVersion = "Xcode 3.2";
			developmentRegion = English;
			hasScannedForEncodings = 0;
			knownRegions = (
				en,
				Base,
			);
			mainGroup = 75AB9C1C19CCB85B00CDCE76;
			productRefGroup = 75AB9C2619CCB85B00CDCE76 /* Products */;
			projectDirPath = "";
			projectRoot = "";
			targets = (
				75AB9C2419CCB85B00CDCE76 /* FaiyamRahmanHW2 */,
				75AB9C4519CCB85B00CDCE76 /* FaiyamRahmanHW2Tests */,
			);
		};
/* End PBXProject section */

/* Begin PBXResourcesBuildPhase section */
		75AB9C2319CCB85B00CDCE76 /* Resources */ = {
			isa = PBXResourcesBuildPhase;
			buildActionMask = 2147483647;
			files = (
				75AB9C4119CCB85B00CDCE76 /* Images.xcassets in Resources */,
				75AB9C3319CCB85B00CDCE76 /* InfoPlist.strings in Resources */,
				75AB9C3C19CCB85B00CDCE76 /* Main.storyboard in Resources */,
			);
			runOnlyForDeploymentPostprocessing = 0;
		};
		75AB9C4419CCB85B00CDCE76 /* Resources */ = {
			isa = PBXResourcesBuildPhase;
			buildActionMask = 2147483647;
			files = (
				75AB9C5219CCB85B00CDCE76 /* InfoPlist.strings in Resources */,
			);
			runOnlyForDeploymentPostprocessing = 0;
		};
/* End PBXResourcesBuildPhase section */

/* Begin PBXSourcesBuildPhase section */
		75AB9C2119CCB85B00CDCE76 /* Sources */ = {
			isa = PBXSourcesBuildPhase;
			buildActionMask = 2147483647;
			files = (
				75AB9C5F19CCBFF300CDCE76 /* CTToBuyToDoTableViewController.m in Sources */,
				75AB9C3519CCB85B00CDCE76 /* main.m in Sources */,
				75AB9C3919CCB85B00CDCE76 /* CTAppDelegate.m in Sources */,
				75AB9C3F19CCB85B00CDCE76 /* CTViewController.m in Sources */,
			);
			runOnlyForDeploymentPostprocessing = 0;
		};
		75AB9C4219CCB85B00CDCE76 /* Sources */ = {
			isa = PBXSourcesBuildPhase;
			buildActionMask = 2147483647;
			files = (
				75AB9C5419CCB85B00CDCE76 /* FaiyamRahmanHW2Tests.m in Sources */,
			);
			runOnlyForDeploymentPostprocessing = 0;
		};
/* End PBXSourcesBuildPhase section */

/* Begin PBXTargetDependency section */
		75AB9C4C19CCB85B00CDCE76 /* PBXTargetDependency */ = {
			isa = PBXTargetDependency;
			target = 75AB9C2419CCB85B00CDCE76 /* FaiyamRahmanHW2 */;
			targetProxy = 75AB9C4B19CCB85B00CDCE76 /* PBXContainerItemProxy */;
		};
/* End PBXTargetDependency section */

/* Begin PBXVariantGroup section */
		75AB9C3119CCB85B00CDCE76 /* InfoPlist.strings */ = {
			isa = PBXVariantGroup;
			children = (
				75AB9C3219CCB85B00CDCE76 /* en */,
			);
			name = InfoPlist.strings;
			sourceTree = "<group>";
		};
		75AB9C3A19CCB85B00CDCE76 /* Main.storyboard */ = {
			isa = PBXVariantGroup;
			children = (
				75AB9C3B19CCB85B00CDCE76 /* Base */,
			);
			name = Main.storyboard;
			sourceTree = "<group>";
		};
		75AB9C5019CCB85B00CDCE76 /* InfoPlist.strings */ = {
			isa = PBXVariantGroup;
			children = (
				75AB9C5119CCB85B00CDCE76 /* en */,
			);
			name = InfoPlist.strings;
			sourceTree = "<group>";
		};
/* End PBXVariantGroup section */

/* Begin XCBuildConfiguration section */
		75AB9C5519CCB85B00CDCE76 /* Debug */ = {
			isa = XCBuildConfiguration;
			buildSettings = {
				ALWAYS_SEARCH_USER_PATHS = NO;
				CLANG_CXX_LANGUAGE_STANDARD = "gnu++0x";
				CLANG_CXX_LIBRARY = "libc++";
				CLANG_ENABLE_MODULES = YES;
				CLANG_ENABLE_OBJC_ARC = YES;
				CLANG_WARN_BOOL_CONVERSION = YES;
				CLANG_WARN_CONSTANT_CONVERSION = YES;
				CLANG_WARN_DIRECT_OBJC_ISA_USAGE = YES_ERROR;
				CLANG_WARN_EMPTY_BODY = YES;
				CLANG_WARN_ENUM_CONVERSION = YES;
				CLANG_WARN_INT_CONVERSION = YES;
				CLANG_WARN_OBJC_ROOT_CLASS = YES_ERROR;
				CLANG_WARN__DUPLICATE_METHOD_MATCH = YES;
				"CODE_SIGN_IDENTITY[sdk=iphoneos*]" = "iPhone Developer";
				COPY_PHASE_STRIP = NO;
				GCC_C_LANGUAGE_STANDARD = gnu99;
				GCC_DYNAMIC_NO_PIC = NO;
				GCC_OPTIMIZATION_LEVEL = 0;
				GCC_PREPROCESSOR_DEFINITIONS = (
					"DEBUG=1",
					"$(inherited)",
				);
				GCC_SYMBOLS_PRIVATE_EXTERN = NO;
				GCC_WARN_64_TO_32_BIT_CONVERSION = YES;
				GCC_WARN_ABOUT_RETURN_TYPE = YES_ERROR;
				GCC_WARN_UNDECLARED_SELECTOR = YES;
				GCC_WARN_UNINITIALIZED_AUTOS = YES_AGGRESSIVE;
				GCC_WARN_UNUSED_FUNCTION = YES;
				GCC_WARN_UNUSED_VARIABLE = YES;
				IPHONEOS_DEPLOYMENT_TARGET = 7.1;
				ONLY_ACTIVE_ARCH = YES;
				SDKROOT = iphoneos;
			};
			name = Debug;
		};
		75AB9C5619CCB85B00CDCE76 /* Release */ = {
			isa = XCBuildConfiguration;
			buildSettings = {
				ALWAYS_SEARCH_USER_PATHS = NO;
				CLANG_CXX_LANGUAGE_STANDARD = "gnu++0x";
				CLANG_CXX_LIBRARY = "libc++";
				CLANG_ENABLE_MODULES = YES;
				CLANG_ENABLE_OBJC_ARC = YES;
				CLANG_WARN_BOOL_CONVERSION = YES;
				CLANG_WARN_CONSTANT_CONVERSION = YES;
				CLANG_WARN_DIRECT_OBJC_ISA_USAGE = YES_ERROR;
				CLANG_WARN_EMPTY_BODY = YES;
				CLANG_WARN_ENUM_CONVERSION = YES;
				CLANG_WARN_INT_CONVERSION = YES;
				CLANG_WARN_OBJC_ROOT_CLASS = YES_ERROR;
				CLANG_WARN__DUPLICATE_METHOD_MATCH = YES;
				"CODE_SIGN_IDENTITY[sdk=iphoneos*]" = "iPhone Developer";
				COPY_PHASE_STRIP = YES;
				ENABLE_NS_ASSERTIONS = NO;
				GCC_C_LANGUAGE_STANDARD = gnu99;
				GCC_WARN_64_TO_32_BIT_CONVERSION = YES;
				GCC_WARN_ABOUT_RETURN_TYPE = YES_ERROR;
				GCC_WARN_UNDECLARED_SELECTOR = YES;
				GCC_WARN_UNINITIALIZED_AUTOS = YES_AGGRESSIVE;
				GCC_WARN_UNUSED_FUNCTION = YES;
				GCC_WARN_UNUSED_VARIABLE = YES;
				IPHONEOS_DEPLOYMENT_TARGET = 7.1;
				SDKROOT = iphoneos;
				VALIDATE_PRODUCT = YES;
			};
			name = Release;
		};
		75AB9C5819CCB85B00CDCE76 /* Debug */ = {
			isa = XCBuildConfiguration;
			buildSettings = {
				ASSETCATALOG_COMPILER_APPICON_NAME = AppIcon;
				ASSETCATALOG_COMPILER_LAUNCHIMAGE_NAME = LaunchImage;
				GCC_PRECOMPILE_PREFIX_HEADER = YES;
				GCC_PREFIX_HEADER = "FaiyamRahmanHW2/FaiyamRahmanHW2-Prefix.pch";
				INFOPLIST_FILE = "FaiyamRahmanHW2/FaiyamRahmanHW2-Info.plist";
				PRODUCT_NAME = "$(TARGET_NAME)";
				WRAPPER_EXTENSION = app;
			};
			name = Debug;
		};
		75AB9C5919CCB85B00CDCE76 /* Release */ = {
			isa = XCBuildConfiguration;
			buildSettings = {
				ASSETCATALOG_COMPILER_APPICON_NAME = AppIcon;
				ASSETCATALOG_COMPILER_LAUNCHIMAGE_NAME = LaunchImage;
				GCC_PRECOMPILE_PREFIX_HEADER = YES;
				GCC_PREFIX_HEADER = "FaiyamRahmanHW2/FaiyamRahmanHW2-Prefix.pch";
				INFOPLIST_FILE = "FaiyamRahmanHW2/FaiyamRahmanHW2-Info.plist";
				PRODUCT_NAME = "$(TARGET_NAME)";
				WRAPPER_EXTENSION = app;
			};
			name = Release;
		};
		75AB9C5B19CCB85B00CDCE76 /* Debug */ = {
			isa = XCBuildConfiguration;
			buildSettings = {
				BUNDLE_LOADER = "$(BUILT_PRODUCTS_DIR)/FaiyamRahmanHW2.app/FaiyamRahmanHW2";
				FRAMEWORK_SEARCH_PATHS = (
					"$(SDKROOT)/Developer/Library/Frameworks",
					"$(inherited)",
					"$(DEVELOPER_FRAMEWORKS_DIR)",
				);
				GCC_PRECOMPILE_PREFIX_HEADER = YES;
				GCC_PREFIX_HEADER = "FaiyamRahmanHW2/FaiyamRahmanHW2-Prefix.pch";
				GCC_PREPROCESSOR_DEFINITIONS = (
					"DEBUG=1",
					"$(inherited)",
				);
				INFOPLIST_FILE = "FaiyamRahmanHW2Tests/FaiyamRahmanHW2Tests-Info.plist";
				PRODUCT_NAME = "$(TARGET_NAME)";
				TEST_HOST = "$(BUNDLE_LOADER)";
				WRAPPER_EXTENSION = xctest;
			};
			name = Debug;
		};
		75AB9C5C19CCB85B00CDCE76 /* Release */ = {
			isa = XCBuildConfiguration;
			buildSettings = {
				BUNDLE_LOADER = "$(BUILT_PRODUCTS_DIR)/FaiyamRahmanHW2.app/FaiyamRahmanHW2";
				FRAMEWORK_SEARCH_PATHS = (
					"$(SDKROOT)/Developer/Library/Frameworks",
					"$(inherited)",
					"$(DEVELOPER_FRAMEWORKS_DIR)",
				);
				GCC_PRECOMPILE_PREFIX_HEADER = YES;
				GCC_PREFIX_HEADER = "FaiyamRahmanHW2/FaiyamRahmanHW2-Prefix.pch";
				INFOPLIST_FILE = "FaiyamRahmanHW2Tests/FaiyamRahmanHW2Tests-Info.plist";
				PRODUCT_NAME = "$(TARGET_NAME)";
				TEST_HOST = "$(BUNDLE_LOADER)";
				WRAPPER_EXTENSION = xctest;
			};
			name = Release;
		};
/* End XCBuildConfiguration section */

/* Begin XCConfigurationList section */
		75AB9C2019CCB85B00CDCE76 /* Build configuration list for PBXProject "FaiyamRahmanHW2" */ = {
			isa = XCConfigurationList;
			buildConfigurations = (
				75AB9C5519CCB85B00CDCE76 /* Debug */,
				75AB9C5619CCB85B00CDCE76 /* Release */,
			);
			defaultConfigurationIsVisible = 0;
			defaultConfigurationName = Release;
		};
		75AB9C5719CCB85B00CDCE76 /* Build configuration list for PBXNativeTarget "FaiyamRahmanHW2" */ = {
			isa = XCConfigurationList;
			buildConfigurations = (
				75AB9C5819CCB85B00CDCE76 /* Debug */,
				75AB9C5919CCB85B00CDCE76 /* Release */,
			);
			defaultConfigurationIsVisible = 0;
		};
		75AB9C5A19CCB85B00CDCE76 /* Build configuration list for PBXNativeTarget "FaiyamRahmanHW2Tests" */ = {
			isa = XCConfigurationList;
			buildConfigurations = (
				75AB9C5B19CCB85B00CDCE76 /* Debug */,
				75AB9C5C19CCB85B00CDCE76 /* Release */,
			);
			defaultConfigurationIsVisible = 0;
		};
/* End XCConfigurationList section */
	};
	rootObject = 75AB9C1D19CCB85B00CDCE76 /* Project object */;
}
